# THIS IS AN AUTOGENERATED FILE. DO NOT EDIT THIS FILE DIRECTLY.
# yarn lockfile v1


"@esbuild/aix-ppc64@0.28.2":
  version "0.28.2"
  resolved "https://registry.yarnpkg.com/@esbuild/aix-ppc64/-/aix-ppc64-0.28.2.tgz#bf6e10303bcf2e7c686975fa52f937ec2728d8bc"
  integrity sha512-XExcO+dvLKvVtNTibSTBej1NCAbaGhWn9Ww1ZPx80qsahhPFe/8jgWP0IchNe0F3HwkU7n8ejhH8bjonqht8mQ==

"@esbuild/android-arm64@0.28.2":
  version "0.28.2"
  resolved "https://registry.yarnpkg.com/@esbuild/android-arm64/-/android-arm64-0.28.2.tgz#0c6246bc8d2c4d172aac2db3fb1190d72bd65504"
  integrity sha512-5YfKeeI8qWfBZIX+u2xZC3Zlb3Os/gLS2sbEKM+I4ZOcsWmHS2WLysCcQZDAFRslDUU5Oiq44gf6PYN1vGwG5A==

"@esbuild/android-arm@0.28.2":
  version "0.28.2"
  resolved "https://registry.yarnpkg.com/@esbuild/android-arm/-/android-arm-0.28.2.tgz#2d84ece6a4e2684d92be26ee13d42757d831c381"
  integrity sha512-kXXoiPVVGQcnIYGOeaovwOURpniDBpSq4A03qkQ+BMQqtGG6HYap3xne9C1O1yo4TR3qxlCX5IqqmX6fFo2Lqg==

"@esbuild/android-x64@0.28.2":
  version "0.28.2"
  resolved "https://registry.yarnpkg.com/@esbuild/android-x64/-/android-x64-0.28.2.tgz#fc38d4d6358d8dc1cf53f09f7589fe436eb64801"
  integrity sha512-O387ite7SzUyCcy3JQX4P4bLtEA7bLLkx+esve5JHnyYfNTxcVpXZo9jhdB0lTKN44gztELTdU7nS8Nr16Fs1Q==

"@esbuild/darwin-arm64@0.28.2":
  version "0.28.2"
  resolved "https://registry.yarnpkg.com/@esbuild/darwin-arm64/-/darwin-arm64-0.28.2.tgz#f83afeeac1d7dac01c7a2fd012b3e451a0591fcc"
  integrity sha512-n4KqkOQrraxHJcgjM1RvwbigfQKIKJVpM7xp+KsxiyUSrRdIXnt73VhrPAx0fV44hgfmIVKjxMN9J1t5jySVkw==

"@esbuild/darwin-x64@0.28.2":
  version "0.28.2"
  resolved "https://registry.yarnpkg.com/@esbuild/darwin-x64/-/darwin-x64-0.28.2.tgz#510147c055a795588dbbe14fd6b1b8ad0a2f30de"
  integrity sha512-uq6suIWYP37qzGddBKPw5QEQPi6HiLGsO7UmkpfyaYNQ3D+rN6w6WfwH+nuqcGXWvawGwxOEroO4YGnFh95azw==

"@esbuild/freebsd-arm64@0.28.2":
  version "0.28.2"
  resolved "https://registry.yarnpkg.com/@esbuild/freebsd-arm64/-/freebsd-arm64-0.28.2.tgz#093b9200ecf0b115ba4e5e248a7485c9c5f8bd5e"
  integrity sha512-n+I0BTSRIoy+d6RPKnEVwql5UwBJolytvY4mAOIEJorKlqgPII8ix6slVVrfZ5Tnj7glIZvloylbB/EJPMWEXw==

"@esbuild/freebsd-x64@0.28.2":
  version "0.28.2"
  resolved "https://registry.yarnpkg.com/@esbuild/freebsd-x64/-/freebsd-x64-0.28.2.tgz#0be22b6df925d213e841ea87123af5df80b0faf7"
  integrity sha512-78XJTJkvPs0kz2w61301PJjXl4g7q3JqiYMZ/M/yVI73EHBrCRTgkhu9oqG7vPqq+a/yadEW8aD+agKlk5xrmg==

"@esbuild/linux-arm64@0.28.2":
  version "0.28.2"
  resolved "https://registry.yarnpkg.com/@esbuild/linux-arm64/-/linux-arm64-0.28.2.tgz#1bdbc651cda9ba9995c53ed9c71ceaa65094762d"
  integrity sha512-pW4AC0P3it8c7do9MVM4p51FzHzdM/TZrerurgRcHJ2WTa1VQ1CIq18xncfpBJw4ojkiZZrKW2yIBWBP92j6Ug==

"@esbuild/linux-arm@0.28.2":
  version "0.28.2"
  resolved "https://registry.yarnpkg.com/@esbuild/linux-arm/-/linux-arm-0.28.2.tgz#beb12ad72b84f72d28488cc1b8ee9f7eb141d753"
  integrity sha512-XlDnu2q5yoqems+xay6wSAcg9DDD7K9RLKZEBOMZm3ckNpJBvOX20tSfby8KfrrhINDyv9V2YVZKY/SpoGJI8w==

"@esbuild/linux-ia32@0.28.2":
  version "0.28.2"
  resolved "https://registry.yarnpkg.com/@esbuild/linux-ia32/-/linux-ia32-0.28.2.tgz#b81f9d55529b45c206a46a138214b1aa6879696b"
  integrity sha512-CYbnj78HsIeA+DhgUKgFCfvNsTHFhMMrinUrMZpDXJXKN8T3XViTZ/+wtHeVxEWY8ewSzTFN+nRmSwO2tZaLUQ==

"@esbuild/linux-loong64@0.28.2":
  version "0.28.2"
  resolved "https://registry.yarnpkg.com/@esbuild/linux-loong64/-/linux-loong64-0.28.2.tgz#598667241a04c99b76ed6ef940ac50038c419f98"
  integrity sha512-buwkd8nsph4R+ajRvw0qM5Hja/TXQow3ptzWO2EbG/cqcIkHloRrdlBtQlshyYGTNFvfkfJ5tpPLVkY4DtsPfQ==

"@esbuild/linux-mips64el@0.28.2":
  version "0.28.2"
  resolved "https://registry.yarnpkg.com/@esbuild/linux-mips64el/-/linux-mips64el-0.28.2.tgz#1c51eb9cea903f53d97b5af3b1841db70f5596ca"
  integrity sha512-ZVykbDyk7519VwiNb9Lcj9m8XM6v5V9uKPvrEMkkEedVewf+0itkhahp4HDpgERXhwLRpWFypsGbG/J8s0QjJA==

"@esbuild/linux-ppc64@0.28.2":
  version "0.28.2"
  resolved "https://registry.yarnpkg.com/@esbuild/linux-ppc64/-/linux-ppc64-0.28.2.tgz#63dd61f17ceb31a81227f413feac8a71bc2c51f2"
  integrity sha512-CAXl+Dtd9UUuJd8pKKdwh6MLm3MUMiqMPmhZ3tTSXPqfyQ3vDl6R5hZdZ/kYojK4ofXtdfSv1tFq8XzWx3heNQ==

"@esbuild/linux-riscv64@0.28.2":
  version "0.28.2"
  resolved "https://registry.yarnpkg.com/@esbuild/linux-riscv64/-/linux-riscv64-0.28.2.tgz#3763b08fde5cf25ab1facb8e7752edfe45fbfc27"
  integrity sha512-GeXCej4IQtU1B+QlDV8W/RRvbzI3O/Stss+/bCXv4lZls5WGRtu2a+3JkA3i4qIUlMXpcHebWpF8AkJhATowuA==

"@esbuild/linux-s390x@0.28.2":
  version "0.28.2"
  resolved "https://registry.yarnpkg.com/@esbuild/linux-s390x/-/linux-s390x-0.28.2.tgz#1a137ff293a82906eb3176385bd7e8e0e5cfb7cb"
  integrity sha512-3H1weTYZPxt/WOhByszQZybS9w5lKzUn1FDMsgEChbHWQwHYQQRfBxgCcZvPhjHfKyJjIievvMmEUawJrdY9Dg==

"@esbuild/linux-x64@0.28.2":
  version "0.28.2"
  resolved "https://registry.yarnpkg.com/@esbuild/linux-x64/-/linux-x64-0.28.2.tgz#268b36211c146ca54f8fe12c578a8d6ef8979485"
  integrity sha512-4xTZr1FUmSoQW4XIWmit3tzQrUTZM+N3P0XV8xROKYF50XfI7xeO90+1bZvNwxIufQ9hDQVRJH5YhgPVF8A/HQ==

"@esbuild/netbsd-arm64@0.28.2":
  version "0.28.2"
  resolved "https://registry.yarnpkg.com/@esbuild/netbsd-arm64/-/netbsd-arm64-0.28.2.tgz#22571ad951d62bb6accc82d8d1fad5c8c1ac0ba1"
  integrity sha512-sSATRjPeDBg3pdgHoQfoYBob11Kk1FGa9lui5RIHZCoCkJa9QKlvl3/vKz2usCmYYjs7ymJR/2Nnsqe+Hjt5nw==

"@esbuild/netbsd-x64@0.28.2":
  version "0.28.2"
  resolved "https://registry.yarnpkg.com/@esbuild/netbsd-x64/-/netbsd-x64-0.28.2.tgz#42fcc57297eb0a0ca3f5fc475291f4c1a3f7c0de"
  integrity sha512-lqnzCV+mM0gIADaKihiCg6ifgfU2L3h5E33rNQBN1Y4MaVGnzryzmvvf7UHxprpQdE8hpqLolJ9Rl+SkIRDpyw==

"@esbuild/openbsd-arm64@0.28.2":
  version "0.28.2"
  resolved "https://registry.yarnpkg.com/@esbuild/openbsd-arm64/-/openbsd-arm64-0.28.2.tgz#9eb32af104ac3dacf4edca01f596664aab0c73ef"
  integrity sha512-AL2qJILH7lNjrDmCQDvdxMfAUIv8KMNZOvrwAQ8i8//ntL9FflhOyMJ8OZSMBb8/AWXe3/5v5S20y3zCoZWKoQ==

"@esbuild/openbsd-x64@0.28.2":
  version "0.28.2"
  resolved "https://registry.yarnpkg.com/@esbuild/openbsd-x64/-/openbsd-x64-0.28.2.tgz#febed2402d6088225e91f20fb4ce2522ad0a4efd"
  integrity sha512-QtiuPytchRyC4rwUKhexJdQKvDuZ6hWloi3igqPQNUJCS1/v9EiO3UTOXR6A3FoMo4fnAKbWJdqaIwhOzh8qEw==

"@esbuild/openharmony-arm64@0.28.2":
  version "0.28.2"
  resolved "https://registry.yarnpkg.com/@esbuild/openharmony-arm64/-/openharmony-arm64-0.28.2.tgz#85641c3d466428bfbccea5f21c26836663fef5ce"
  integrity sha512-WkhYDmpTjLvGlScA1rwjRUmhl4k8oXR3cIbtqWmELgU/dFeHHlEllxDvdWcNJV9rbzCexB5vz8gtNewWLgCT7Q==

"@esbuild/sunos-x64@0.28.2":
  version "0.28.2"
  resolved "https://registry.yarnpkg.com/@esbuild/sunos-x64/-/sunos-x64-0.28.2.tgz#a736f9d8962481045fc4c3e54f5479f22c870fb4"
  integrity sha512-GPMSkTOtMnv2U2F8gxe4Io6qmVs+YKyp832Etqqxr0hFngmXQ3rzwytelm3GIn7T4VviRUlf3sOgBOiTdvaf7g==

"@esbuild/win32-arm64@0.28.2":
  version "0.28.2"
  resolved "https://registry.yarnpkg.com/@esbuild/win32-arm64/-/win32-arm64-0.28.2.tgz#ee5ab40fad186201b652a33f8a5eb149e9e42532"
  integrity sha512-PIhhEkE9uPBleRBrQEJpUn7MBnibZzbGzYWPmY3x+YoVg/95zbjB4CxPPOQ8l5tYYM4mMaCthF8/1DIfBQQyWQ==

"@esbuild/win32-ia32@0.28.2":
  version "0.28.2"
  resolved "https://registry.yarnpkg.com/@esbuild/win32-ia32/-/win32-ia32-0.28.2.tgz#c40d28a6d99a127da6711f2afd74b11cb63b06a7"
  integrity sha512-YmJbfTlvU7Sdn9BB+4PRES4oB6pxgS37MAONj+hBr/cpXS1aBPKXxNnDbu+QCWPj0o9dgyxeq79g6c5P8KeuYA==

"@esbuild/win32-x64@0.28.2":
  version "0.28.2"
  resolved "https://registry.yarnpkg.com/@esbuild/win32-x64/-/win32-x64-0.28.2.tgz#b21affb804cc167c133d95f45b3a1dc1323b9a87"
  integrity sha512-5ebpxr3nWMzrL/rnUI755Jkuee0bHL/Gq0WTF9lvcpv73wAp5eu8MfBUgWK9bhWvZjj7yX8etf/8tI8Ney695g==

"@noble/curves@1.4.2", "@noble/curves@~1.4.0":
  version "1.4.2"
  resolved "https://registry.yarnpkg.com/@noble/curves/-/curves-1.4.2.tgz#40309198c76ed71bc6dbf7ba24e81ceb4d0d1fe9"
  integrity sha512-TavHr8qycMChk8UwMld0ZDRvatedkzWfH8IiaeGCfymOP5i0hSCozz9vHOL0nkwk7HRMlFnAiKpS2jrUmSybcw==
  dependencies:
    "@noble/hashes" "1.4.0"

"@noble/curves@~1.8.1":
  version "1.8.2"
  resolved "https://registry.yarnpkg.com/@noble/curves/-/curves-1.8.2.tgz#8f24c037795e22b90ae29e222a856294c1d9ffc7"
  integrity sha512-vnI7V6lFNe0tLAuJMu+2sX+FcL14TaCWy1qiczg1VwRmPrpQCdq5ESXQMqUc2tluRNf6irBXrWbl1mGN8uaU/g==
  dependencies:
    "@noble/hashes" "1.7.2"

"@noble/hashes@1.4.0", "@noble/hashes@~1.4.0":
  version "1.4.0"
  resolved "https://registry.yarnpkg.com/@noble/hashes/-/hashes-1.4.0.tgz#45814aa329f30e4fe0ba49426f49dfccdd066426"
  integrity sha512-V1JJ1WTRUqHHrOSh597hURcMqVKVGL/ea3kv0gSnEdsEZ0/+VyPghM1lMNGc00z7CIQorSvbKpuJkxvuHbvdbg==

"@noble/hashes@1.7.2", "@noble/hashes@~1.7.1":
  version "1.7.2"
  resolved "https://registry.yarnpkg.com/@noble/hashes/-/hashes-1.7.2.tgz#d53c65a21658fb02f3303e7ee3ba89d6754c64b4"
  integrity sha512-biZ0NUSxyjLLqo6KxEJ1b+C2NAx0wtDoFvCaXHGgUkeHzf3Xc1xKumFKREuT7f7DARNZ/slvYUwFG6B0f2b6hQ==

"@nomicfoundation/edr-darwin-arm64@0.19.0":
  version "0.19.0"
  resolved "https://registry.yarnpkg.com/@nomicfoundation/edr-darwin-arm64/-/edr-darwin-arm64-0.19.0.tgz#4b82d5429824d16e7c70886fa0835d24d060f684"
  integrity sha512-Yo2MkZoM85zkasUPJDj8l8QezPdrMzqQUJhp78TUQDq8FQXhdJTZ39k3Jax5OQ3hqjMhMkrGbctn9w9h6mEusg==

"@nomicfoundation/edr-darwin-x64@0.19.0":
  version "0.19.0"
  resolved "https://registry.yarnpkg.com/@nomicfoundation/edr-darwin-x64/-/edr-darwin-x64-0.19.0.tgz#c784460be666c07b94a4f445359ac0c5eb61dcfd"
  integrity sha512-RC7RVX1iATg9SlJTnKD57A8jRBIBiUKmAdi8maBN4zhmK5Z7aAeiwdQX6VjPOum3c2Mdpp2Q7JfooJxxF6bCvw==

"@nomicfoundation/edr-linux-arm64-gnu@0.19.0":
  version "0.19.0"
  resolved "https://registry.yarnpkg.com/@nomicfoundation/edr-linux-arm64-gnu/-/edr-linux-arm64-gnu-0.19.0.tgz#b3b5d680e95d412e219243cda94df44e6ae33c86"
  integrity sha512-vhEKPUomGwM0Lsjpwd5q/Jc6yE2hpspJBCRYFkCghzCmwgZHtoYn/2nd1nOLsTt7jqMlvAKJSaLCrhz1HCTCTA==

"@nomicfoundation/edr-linux-arm64-musl@0.19.0":
  version "0.19.0"
  resolved "https://registry.yarnpkg.com/@nomicfoundation/edr-linux-arm64-musl/-/edr-linux-arm64-musl-0.19.0.tgz#63fd848ef3619e99423fd71c7ef7e69d1a8685af"
  integrity sha512-mlkpVUolkSpMIriZyiJeTbgx/m4Ngm9lQtah2BG92H+dgtwMIMze6Q6OQfZG6oi6wMrhDgu8WEyAy3XgIwlcRg==

"@nomicfoundation/edr-linux-x64-gnu@0.19.0":
  version "0.19.0"
  resolved "https://registry.yarnpkg.com/@nomicfoundation/edr-linux-x64-gnu/-/edr-linux-x64-gnu-0.19.0.tgz#cb3d7534245399da48d7cabcf879ccb2c8e90af9"
  integrity sha512-d0Z+WVbX5mm6s9ozc5TXrCRjQykdN81tGI+eaM4hQcD/S5VSY9rwKuCXyLJ/GkgeI5S8HEHsyVdXEsDJznPyhA==

"@nomicfoundation/edr-linux-x64-musl@0.19.0":
  version "0.19.0"
  resolved "https://registry.yarnpkg.com/@nomicfoundation/edr-linux-x64-musl/-/edr-linux-x64-musl-0.19.0.tgz#30e64543d6b7edc17091738ed75a63c1b7af3c67"
  integrity sha512-UIrlNqYj9lbUXpBy++WwHeC0xZqyFw9TXy06/8+0PLffI7Si4kiTKfXqdITGQhP6Vf/JuJ8y+jos8oy6bL8jFQ==

"@nomicfoundation/edr-win32-x64-msvc@0.19.0":
  version "0.19.0"
  resolved "https://registry.yarnpkg.com/@nomicfoundation/edr-win32-x64-msvc/-/edr-win32-x64-msvc-0.19.0.tgz#f2a852e07bb6a9b3750647e5c07efe49e2e64370"
  integrity sha512-pIyEJBiS8l09Yndz+aE/JmkD39FCqtyiRO+wlx6tX426o4290acRfJ0r7GwTBmqqZD5G4pLOOB0uLIMRyDrY+g==

"@nomicfoundation/edr@0.19.0":
  version "0.19.0"
  resolved "https://registry.yarnpkg.com/@nomicfoundation/edr/-/edr-0.19.0.tgz#221f3f6b804c9a3537ba0cd6e47bcbaffc3284f2"
  integrity sha512-wzuyAylm4XWIahFjy1pFDQfHny4Xsx73T98d8KJAkGG/Rpgp0M36rqS4lzjbGQ1tXDrWEBG0WRr0v1jrQhQ0xg==
  optionalDependencies:
    "@nomicfoundation/edr-darwin-arm64" "0.19.0"
    "@nomicfoundation/edr-darwin-x64" "0.19.0"
    "@nomicfoundation/edr-linux-arm64-gnu" "0.19.0"
    "@nomicfoundation/edr-linux-arm64-musl" "0.19.0"
    "@nomicfoundation/edr-linux-x64-gnu" "0.19.0"
    "@nomicfoundation/edr-linux-x64-musl" "0.19.0"
    "@nomicfoundation/edr-win32-x64-msvc" "0.19.0"

"@nomicfoundation/hardhat-errors@^3.0.13", "@nomicfoundation/hardhat-errors@^3.0.17":
  version "3.0.21"
  resolved "https://registry.yarnpkg.com/@nomicfoundation/hardhat-errors/-/hardhat-errors-3.0.21.tgz#0cd4bda2d680dc732040d3975bef2e6ee328a8d1"
  integrity sha512-jXgqgxmI1D7vYcWRQnb6HsRDssxE87a4xJ48FQAdkZUPclB0aVISx6IoVG1Kttx2jJ7tNuo9GasJxpOv7stqyg==
  dependencies:
    "@nomicfoundation/hardhat-utils" "^4.1.5"

"@nomicfoundation/hardhat-utils@^4.1.2", "@nomicfoundation/hardhat-utils@^4.1.5", "@nomicfoundation/hardhat-utils@^4.1.6":
  version "4.1.9"
  resolved "https://registry.yarnpkg.com/@nomicfoundation/hardhat-utils/-/hardhat-utils-4.1.9.tgz#760583d3d12bbe69721fe819dbde8796e7de266a"
  integrity sha512-vUyHQ2H1VfknTUxO3Vat7z0y9WkDUF69pLrrLZN2K1/+TKJN+TVzEMeXW/2GXJzIhm2uc2qZXOYwQUh+SU9PbQ==
  dependencies:
    "@streamparser/json-node" "^0.0.22"
    env-paths "^4.0.0"
    ethereum-cryptography "^2.2.1"
    fast-equals "^6.0.0"
    json-stream-stringify "^3.1.7"
    rfdc "^1.3.1"
    undici "^6.28.0"

"@nomicfoundation/hardhat-vendored@^3.0.4":
  version "3.0.4"
  resolved "https://registry.yarnpkg.com/@nomicfoundation/hardhat-vendored/-/hardhat-vendored-3.0.4.tgz#32c52b84f08405ffe9e379c22976d63df83cc0d9"
  integrity sha512-RO8Otj1FvRvxJmXzkxh1vTwK/+cqSVPYLqY6RrWkmzHEEcxnAwAFsBYdW7xyTEyW/pVbSSNd2gs3aoGdGZaoNA==

"@nomicfoundation/hardhat-zod-utils@^3.0.5":
  version "3.0.6"
  resolved "https://registry.yarnpkg.com/@nomicfoundation/hardhat-zod-utils/-/hardhat-zod-utils-3.0.6.tgz#86c747fccfec5f78ddb5583c35edc0958a11665f"
  integrity sha512-DraBttTle+tRi24wkEfTYUrsX/Cdp74ySXcc4MUzMQPBQNUTFx5YyTH7qFhXQdz3V171iqLAQpOAhNcEqwmq9Q==
  dependencies:
    "@nomicfoundation/hardhat-errors" "^3.0.13"
    "@nomicfoundation/hardhat-utils" "^4.1.2"

"@nomicfoundation/solidity-analyzer-darwin-arm64@0.1.2":
  version "0.1.2"
  resolved "https://registry.yarnpkg.com/@nomicfoundation/solidity-analyzer-darwin-arm64/-/solidity-analyzer-darwin-arm64-0.1.2.tgz#3a9c3b20d51360b20affb8f753e756d553d49557"
  integrity sha512-JaqcWPDZENCvm++lFFGjrDd8mxtf+CtLd2MiXvMNTBD33dContTZ9TWETwNFwg7JTJT5Q9HEecH7FA+HTSsIUw==

"@nomicfoundation/solidity-analyzer-darwin-x64@0.1.2":
  version "0.1.2"
  resolved "https://registry.yarnpkg.com/@nomicfoundation/solidity-analyzer-darwin-x64/-/solidity-analyzer-darwin-x64-0.1.2.tgz#74dcfabeb4ca373d95bd0d13692f44fcef133c28"
  integrity sha512-fZNmVztrSXC03e9RONBT+CiksSeYcxI1wlzqyr0L7hsQlK1fzV+f04g2JtQ1c/Fe74ZwdV6aQBdd6Uwl1052sw==

"@nomicfoundation/solidity-analyzer-linux-arm64-gnu@0.1.2":
  version "0.1.2"
  resolved "https://registry.yarnpkg.com/@nomicfoundation/solidity-analyzer-linux-arm64-gnu/-/solidity-analyzer-linux-arm64-gnu-0.1.2.tgz#4af5849a89e5a8f511acc04f28eb5d4460ba2b6a"
  integrity sha512-3d54oc+9ZVBuB6nbp8wHylk4xh0N0Gc+bk+/uJae+rUgbOBwQSfuGIbAZt1wBXs5REkSmynEGcqx6DutoK0tPA==

"@nomicfoundation/solidity-analyzer-linux-arm64-musl@0.1.2":
  version "0.1.2"
  resolved "https://registry.yarnpkg.com/@nomicfoundation/solidity-analyzer-linux-arm64-musl/-/solidity-analyzer-linux-arm64-musl-0.1.2.tgz#54036808a9a327b2ff84446c130a6687ee702a8e"
  integrity sha512-iDJfR2qf55vgsg7BtJa7iPiFAsYf2d0Tv/0B+vhtnI16+wfQeTbP7teookbGvAo0eJo7aLLm0xfS/GTkvHIucA==

"@nomicfoundation/solidity-analyzer-linux-x64-gnu@0.1.2":
  version "0.1.2"
  resolved "https://registry.yarnpkg.com/@nomicfoundation/solidity-analyzer-linux-x64-gnu/-/solidity-analyzer-linux-x64-gnu-0.1.2.tgz#466cda0d6e43691986c944b909fc6dbb8cfc594e"
  integrity sha512-9dlHMAt5/2cpWyuJ9fQNOUXFB/vgSFORg1jpjX1Mh9hJ/MfZXlDdHQ+DpFCs32Zk5pxRBb07yGvSHk9/fezL+g==

"@nomicfoundation/solidity-analyzer-linux-x64-musl@0.1.2":
  version "0.1.2"
  resolved "https://registry.yarnpkg.com/@nomicfoundation/solidity-analyzer-linux-x64-musl/-/solidity-analyzer-linux-x64-musl-0.1.2.tgz#2b35826987a6e94444140ac92310baa088ee7f94"
  integrity sha512-GzzVeeJob3lfrSlDKQw2bRJ8rBf6mEYaWY+gW0JnTDHINA0s2gPR4km5RLIj1xeZZOYz4zRw+AEeYgLRqB2NXg==

"@nomicfoundation/solidity-analyzer-win32-x64-msvc@0.1.2":
  version "0.1.2"
  resolved "https://registry.yarnpkg.com/@nomicfoundation/solidity-analyzer-win32-x64-msvc/-/solidity-analyzer-win32-x64-msvc-0.1.2.tgz#e6363d13b8709ca66f330562337dbc01ce8bbbd9"
  integrity sha512-Fdjli4DCcFHb4Zgsz0uEJXZ2K7VEO+w5KVv7HmT7WO10iODdU9csC2az4jrhEsRtiR9Gfd74FlG0NYlw1BMdyA==

"@nomicfoundation/solidity-analyzer@^0.1.1":
  version "0.1.2"
  resolved "https://registry.yarnpkg.com/@nomicfoundation/solidity-analyzer/-/solidity-analyzer-0.1.2.tgz#8bcea7d300157bf3a770a851d9f5c5e2db34ac55"
  integrity sha512-q4n32/FNKIhQ3zQGGw5CvPF6GTvDCpYwIf7bEY/dZTZbgfDsHyjJwURxUJf3VQuuJj+fDIFl4+KkBVbw4Ef6jA==
  optionalDependencies:
    "@nomicfoundation/solidity-analyzer-darwin-arm64" "0.1.2"
    "@nomicfoundation/solidity-analyzer-darwin-x64" "0.1.2"
    "@nomicfoundation/solidity-analyzer-linux-arm64-gnu" "0.1.2"
    "@nomicfoundation/solidity-analyzer-linux-arm64-musl" "0.1.2"
    "@nomicfoundation/solidity-analyzer-linux-x64-gnu" "0.1.2"
    "@nomicfoundation/solidity-analyzer-linux-x64-musl" "0.1.2"
    "@nomicfoundation/solidity-analyzer-win32-x64-msvc" "0.1.2"

"@scure/base@~1.1.6":
  version "1.1.9"
  resolved "https://registry.yarnpkg.com/@scure/base/-/base-1.1.9.tgz#e5e142fbbfe251091f9c5f1dd4c834ac04c3dbd1"
  integrity sha512-8YKhl8GHiNI/pU2VMaofa2Tor7PJRAjwQLBBuilkJ9L5+13yVbC7JO/wS7piioAvPSwR3JKM1IJ/u4xQzbcXKg==

"@scure/base@~1.2.5":
  version "1.2.6"
  resolved "https://registry.yarnpkg.com/@scure/base/-/base-1.2.6.tgz#ca917184b8231394dd8847509c67a0be522e59f6"
  integrity sha512-g/nm5FgUa//MCj1gV09zTJTaM6KBAHqLN907YVQqf7zC49+DcO4B1so4ZX07Ef10Twr6nuqYEH9GEggFXA4Fmg==

"@scure/bip32@1.4.0":
  version "1.4.0"
  resolved "https://registry.yarnpkg.com/@scure/bip32/-/bip32-1.4.0.tgz#4e1f1e196abedcef395b33b9674a042524e20d67"
  integrity sha512-sVUpc0Vq3tXCkDGYVWGIZTRfnvu8LoTDaev7vbwh0omSvVORONr960MQWdKqJDCReIEmTj3PAr73O3aoxz7OPg==
  dependencies:
    "@noble/curves" "~1.4.0"
    "@noble/hashes" "~1.4.0"
    "@scure/base" "~1.1.6"

"@scure/bip39@1.3.0":
  version "1.3.0"
  resolved "https://registry.yarnpkg.com/@scure/bip39/-/bip39-1.3.0.tgz#0f258c16823ddd00739461ac31398b4e7d6a18c3"
  integrity sha512-disdg7gHuTDZtY+ZdkmLpPCk7fxZSu3gBiEGuoC1XYxv9cGx3Z6cpTggCgW6odSOOIXCiDjuGejW+aJKCY/pIQ==
  dependencies:
    "@noble/hashes" "~1.4.0"
    "@scure/base" "~1.1.6"

"@sentry/core@^9.4.0":
  version "9.47.1"
  resolved "https://registry.yarnpkg.com/@sentry/core/-/core-9.47.1.tgz#6b95b8a03ade1ca04f8b9b457bc751eb8be0c06a"
  integrity sha512-KX62+qIt4xgy8eHKHiikfhz2p5fOciXd0Cl+dNzhgPFq8klq4MGMNaf148GB3M/vBqP4nw/eFvRMAayFCgdRQw==

"@streamparser/json-node@^0.0.22":
  version "0.0.22"
  resolved "https://registry.yarnpkg.com/@streamparser/json-node/-/json-node-0.0.22.tgz#cee66bb2f175e41abf83574dc7d6fe9c997d94d5"
  integrity sha512-sJT2ptNRwqB1lIsQrQlCoWk5rF4tif9wDh+7yluAGijJamAhrHGYpFB/Zg3hJeceoZypi74ftXk8DHzwYpbZSg==
  dependencies:
    "@streamparser/json" "^0.0.22"

"@streamparser/json@^0.0.22":
  version "0.0.22"
  resolved "https://registry.yarnpkg.com/@streamparser/json/-/json-0.0.22.tgz#8ddcbcc8c3ca77aeadf80af47f54a64c8739a037"
  integrity sha512-b6gTSBjJ8G8SuO3Gbbj+zXbVx8NSs1EbpbMKpzGLWMdkR+98McH9bEjSz3+0mPJf68c5nxa3CrJHp5EQNXM6zQ==

"@thirdweb-dev/contracts@^3":
  version "3.4.5"
  resolved "https://registry.yarnpkg.com/@thirdweb-dev/contracts/-/contracts-3.4.5.tgz#8ea3f5ebef2f92023f40cf1f9fcb1c953065b7eb"
  integrity sha512-HHiNBXlctfJOF0lRMHYuJP1dYczkoCua8Wqf/FkORISytaF4LYWkKdhIirwy8QWG2MNvzOyRwSekWf2y1diPsw==

adm-zip@^0.6.0:
  version "0.6.1"
  resolved "https://registry.yarnpkg.com/adm-zip/-/adm-zip-0.6.1.tgz#5b95da4a6e7af0663b71457c06e1517fa6ac8d5f"
  integrity sha512-Xwrja8nx9e5o2N1my4DsKCeKpdrnACyr1wtbPxBDgGzKzKyE9kRtBFA8mWldI+RVlD7CBZNWY/wQ2+ydwOR6kQ==

ansi-colors@^4.1.1:
  version "4.1.3"
  resolved "https://registry.yarnpkg.com/ansi-colors/-/ansi-colors-4.1.3.tgz#37611340eb2243e70cc604cad35d63270d48781b"
  integrity sha512-/6w/C21Pm1A7aZitlI5Ni/2J6FFQN8i1Cvz3kHABAAbw93v/NlvKdVOqz7CCWz/3iv/JplRSEEZ83XION15ovw==

chokidar@^5.0.0:
  version "5.0.0"
  resolved "https://registry.yarnpkg.com/chokidar/-/chokidar-5.0.0.tgz#949c126a9238a80792be9a0265934f098af369a5"
  integrity sha512-TQMmc3w+5AxjpL8iIiwebF73dRDF4fBIieAqGn9RGCWaEVwQ6Fb2cGe31Yns0RRIzii5goJ1Y7xbMwo1TxMplw==
  dependencies:
    readdirp "^5.0.0"

dotenv@^16.0.3:
  version "16.0.3"
  resolved "https://registry.yarnpkg.com/dotenv/-/dotenv-16.0.3.tgz#115aec42bac5053db3c456db30cc243a5a836a07"
  integrity sha512-7GO6HghkA5fYG9TYnNxi14/7K9f5occMlp3zXAuSxn7CKCxt9xbNWG7yF8hTCSUchlfWSe3uLmlPfigevRItzQ==

enquirer@^2.3.0:
  version "2.3.6"
  resolved "https://registry.yarnpkg.com/enquirer/-/enquirer-2.3.6.tgz#2a7fe5dd634a1e4125a975ec994ff5456dc3734d"
  integrity sha512-yjNnPr315/FjS4zIsUxYguYUPP2e1NK4d7E7ZOLiyYCcbFBiTMyID+2wvm2w6+pZ/odMA7cRkjhsPbltwBOrLg==
  dependencies:
    ansi-colors "^4.1.1"

env-paths@^4.0.0:
  version "4.0.0"
  resolved "https://registry.yarnpkg.com/env-paths/-/env-paths-4.0.0.tgz#d0bb1f84a81d2542581bf7b7e8085d0683b39097"
  integrity sha512-pxP8eL2SwwaTRi/KHYwLYXinDs7gL3jxFcBYmEdYfZmZXbaVDvdppd0XBU8qVz03rDfKZMXg1omHCbsJjZrMsw==
  dependencies:
    is-safe-filename "^0.1.0"

esbuild@~0.28.0:
  version "0.28.2"
  resolved "https://registry.yarnpkg.com/esbuild/-/esbuild-0.28.2.tgz#0f43bd1bad955b72d24e2261e3abe5957ccf0816"
  integrity sha512-HKVLS8dvII+xoKW9kmqxbRKrnWEXfJJr/FZhhJmiqIB0e053QNYFqOBouTMO/k5sID4MvCiUCvv8b9M4h32wIA==
  optionalDependencies:
    "@esbuild/aix-ppc64" "0.28.2"
    "@esbuild/android-arm" "0.28.2"
    "@esbuild/android-arm64" "0.28.2"
    "@esbuild/android-x64" "0.28.2"
    "@esbuild/darwin-arm64" "0.28.2"
    "@esbuild/darwin-x64" "0.28.2"
    "@esbuild/freebsd-arm64" "0.28.2"
    "@esbuild/freebsd-x64" "0.28.2"
    "@esbuild/linux-arm" "0.28.2"
    "@esbuild/linux-arm64" "0.28.2"
    "@esbuild/linux-ia32" "0.28.2"
    "@esbuild/linux-loong64" "0.28.2"
    "@esbuild/linux-mips64el" "0.28.2"
    "@esbuild/linux-ppc64" "0.28.2"
    "@esbuild/linux-riscv64" "0.28.2"
    "@esbuild/linux-s390x" "0.28.2"
    "@esbuild/linux-x64" "0.28.2"
    "@esbuild/netbsd-arm64" "0.28.2"
    "@esbuild/netbsd-x64" "0.28.2"
    "@esbuild/openbsd-arm64" "0.28.2"
    "@esbuild/openbsd-x64" "0.28.2"
    "@esbuild/openharmony-arm64" "0.28.2"
    "@esbuild/sunos-x64" "0.28.2"
    "@esbuild/win32-arm64" "0.28.2"
    "@esbuild/win32-ia32" "0.28.2"
    "@esbuild/win32-x64" "0.28.2"

ethereum-cryptography@^2.2.1:
  version "2.2.1"
  resolved "https://registry.yarnpkg.com/ethereum-cryptography/-/ethereum-cryptography-2.2.1.tgz#58f2810f8e020aecb97de8c8c76147600b0b8ccf"
  integrity sha512-r/W8lkHSiTLxUxW8Rf3u4HGB0xQweG2RyETjywylKZSzLWoWAijRz8WCuOtJ6wah+avllXBqZuk29HCCvhEIRg==
  dependencies:
    "@noble/curves" "1.4.2"
    "@noble/hashes" "1.4.0"
    "@scure/bip32" "1.4.0"
    "@scure/bip39" "1.3.0"

fast-equals@^6.0.0:
  version "6.0.3"
  resolved "https://registry.yarnpkg.com/fast-equals/-/fast-equals-6.0.3.tgz#3e9e8197c5659712f802ff5b8034d06ca6be02ee"
  integrity sha512-IECu4C0fFZFoUC2cA2rDaNUuVIfWIZMwh3tY+ng924vOuD9OaUFFrcIrVwCKbV7TJDkGmrHfhwZ7R0AnHfVhyw==

fsevents@~2.3.3:
  version "2.3.3"
  resolved "https://registry.yarnpkg.com/fsevents/-/fsevents-2.3.3.tgz#cac6407785d03675a2a5e1a5305c697b347d90d6"
  integrity sha512-5xoDfX+fL7faATnagmWPpbFtwh/R77WmMMqqHGS65C3vvB0YHrgF+B1YmZ3441tMj5n63k0212XNoJwzlhffQw==

hardhat@^3.0.0:
  version "3.16.0"
  resolved "https://registry.yarnpkg.com/hardhat/-/hardhat-3.16.0.tgz#01b4f1d180474fd9a25543cbd922a00730190bcb"
  integrity sha512-LWFFR3rYl8AIhwpYVjK2L5y0Z0CqdQFQ8AZWe8gqf1t7KGH+E/EguoIX7rcB4KfyKoWK6ooj+7Jgba4vlQ1feQ==
  dependencies:
    "@nomicfoundation/edr" "0.19.0"
    "@nomicfoundation/hardhat-errors" "^3.0.17"
    "@nomicfoundation/hardhat-utils" "^4.1.6"
    "@nomicfoundation/hardhat-vendored" "^3.0.4"
    "@nomicfoundation/hardhat-zod-utils" "^3.0.5"
    "@nomicfoundation/solidity-analyzer" "^0.1.1"
    "@sentry/core" "^9.4.0"
    adm-zip "^0.6.0"
    chokidar "^5.0.0"
    enquirer "^2.3.0"
    ethereum-cryptography "^2.2.1"
    micro-eth-signer "^0.14.0"
    p-map "^7.0.6"
    resolve.exports "^2.0.3"
    semver "^7.8.5"
    tsx "^4.23.1"
    ws "^8.21.1"
    zod "^3.23.8"

is-safe-filename@^0.1.0:
  version "0.1.1"
  resolved "https://registry.yarnpkg.com/is-safe-filename/-/is-safe-filename-0.1.1.tgz#fb22eead097c614c47aa674de5d79a1648a53e66"
  integrity sha512-4SrR7AdnY11LHfDKTZY1u6Ga3RuxZdl3YKWWShO5iyuG5h8QS4GD2tOb04peBJ5I7pXbR+CGBNEhTcwK+FzN3g==

json-stream-stringify@^3.1.7:
  version "3.1.7"
  resolved "https://registry.yarnpkg.com/json-stream-stringify/-/json-stream-stringify-3.1.7.tgz#80a29711b43b1d9e4d9eccd4f6873df3f68da22a"
  integrity sha512-F4MWetLtY42YMaAKw5cV4e47zMD5aOT+tjjQWjX18ACtdkQ5Y/vrcfbcQ107Rh+MXjOCIx4KhW0wPmOvG8iQ5w==

micro-eth-signer@^0.14.0:
  version "0.14.0"
  resolved "https://registry.yarnpkg.com/micro-eth-signer/-/micro-eth-signer-0.14.0.tgz#8aa1fe997d98d6bdf42f2071cef7eb01a66ecb22"
  integrity sha512-5PLLzHiVYPWClEvZIXXFu5yutzpadb73rnQCpUqIHu3No3coFuWQNfE5tkBQJ7djuLYl6aRLaS0MgWJYGoqiBw==
  dependencies:
    "@noble/curves" "~1.8.1"
    "@noble/hashes" "~1.7.1"
    micro-packed "~0.7.2"

micro-packed@~0.7.2:
  version "0.7.3"
  resolved "https://registry.yarnpkg.com/micro-packed/-/micro-packed-0.7.3.tgz#59e96b139dffeda22705c7a041476f24cabb12b6"
  integrity sha512-2Milxs+WNC00TRlem41oRswvw31146GiSaoCT7s3Xi2gMUglW5QBeqlQaZeHr5tJx9nm3i57LNXPqxOOaWtTYg==
  dependencies:
    "@scure/base" "~1.2.5"

p-map@^7.0.6:
  version "7.0.7"
  resolved "https://registry.yarnpkg.com/p-map/-/p-map-7.0.7.tgz#a82175dd690468a930b9ae45c2b9829c5bf60fa3"
  integrity sha512-VaWRu2i4FJNRtiRWCuuQRgfQ1B7a6+gMSrO+3j0EQi/k0ULfS9kosRxGoiqwzIjZTDI02tGfk5mXXltLg6QtfQ==

readdirp@^5.0.0:
  version "5.1.1"
  resolved "https://registry.yarnpkg.com/readdirp/-/readdirp-5.1.1.tgz#520bca06f9d1ae1b96cc0800dbe84b983d19422c"
  integrity sha512-Kko+Y5XQ6fM+Ce3dq3m9YGxnacYZYl9cA1wZjaF3Vbry2L3i1qVg8+CAgNPsXRArPMUMCaOR7oa9Nqntc43JKA==

resolve.exports@^2.0.3:
  version "2.0.3"
  resolved "https://registry.yarnpkg.com/resolve.exports/-/resolve.exports-2.0.3.tgz#41955e6f1b4013b7586f873749a635dea07ebe3f"
  integrity sha512-OcXjMsGdhL4XnbShKpAcSqPMzQoYkYyhbEaeSko47MjRP9NfEQMhZkXL1DoFlt9LWQn4YttrdnV6X2OiyzBi+A==

rfdc@^1.3.1:
  version "1.4.1"
  resolved "https://registry.yarnpkg.com/rfdc/-/rfdc-1.4.1.tgz#778f76c4fb731d93414e8f925fbecf64cce7f6ca"
  integrity sha512-q1b3N5QkRUWUl7iyylaaj3kOpIT0N2i9MqIEQXP73GVsN9cw3fdx8X63cEmWhJGi2PPCF23Ijp7ktmd39rawIA==

semver@^7.8.5:
  version "7.8.5"
  resolved "https://registry.yarnpkg.com/semver/-/semver-7.8.5.tgz#39b646037dd50c14fb451e7e4cac58ed8b863f69"
  integrity sha512-Y7/KDsb8LjooZpwaqGyulO6DQlksgCncchHGk+sZIY4SBvUocMBEFH5Ur1fI4dV+Jvl0w6cjvucaIi40puRioA==

tsx@^4.23.1:
  version "4.23.13"
  resolved "https://registry.yarnpkg.com/tsx/-/tsx-4.23.13.tgz#393b8dd813d49e25aed7b1d7cbac6930da49ec08"
  integrity sha512-BL5MGkRln6aDYhb0xbQlEAGw743BaZYWdbWtdJOBriYJboKgUUYCadFp2/FpBBZquBC/ezNBn7wMMPx7FDZUDw==
  dependencies:
    esbuild "~0.28.0"
  optionalDependencies:
    fsevents "~2.3.3"

undici@^6.28.0:
  version "6.28.1"
  resolved "https://registry.yarnpkg.com/undici/-/undici-6.28.1.tgz#aa9d2c44aef3840bef80216f2a50f337543a3fbd"
  integrity sha512-zWpdTVD54H48CIybL0rWQ3ukpb9d23wM7eH5RtfdmeP70cWHNjtfo7P4vZX+5CoDcO53J4Pu5uXp7lNfjc6DRA==

ws@^8.21.1:
  version "8.21.3"
  resolved "https://registry.yarnpkg.com/ws/-/ws-8.21.3.tgz#660b4faddb6a3e575c86e078126919961f4de4fc"
  integrity sha512-201TZ/kPWxoPr/OKWjquZR1SWKXcvxdH+e1xrx89b3YbmzLMFCLfnaG1HFIgWzJOEWZ7MvpK++odZufgYR50Rw==

zod@^3.23.8:
  version "3.25.76"
  resolved "https://registry.yarnpkg.com/zod/-/zod-3.25.76.tgz#26841c3f6fd22a6a2760e7ccb719179768471e34"
  integrity sha512-gzUt/qt81nXsFGKIFcC3YnfEAx5NkunCfnDlvuBSSFS02bcXu4Lmea0AFIUwbLWxWPx3d9p8S5QoaujKcNQxcQ==
